{
  "originHash" : "ea59a06656ab0057ab4e2fb54bf10e0bc598f65e31703c29e2dfb9b3b1f885d4",
  "pins" : [
    {
      "identity" : "nuke",
      "kind" : "remoteSourceControl",
      "location" : "https://github.com/kean/Nuke.git",
      "state" : {
        "revision" : "6241e100294a2aa70d1811641585ab7da780bd0f",
        "version" : "12.0.0"
      }
    }
  ],
  "version" : 3
}
